version = 1
revision = 2
requires-python = ">=3.13"

[[package]]
name = "cryptography-gui-tool"
version = "0.1.0"
source = { virtual = "." }
dependencies = [
    { name = "pyqt5" },
]

[package.metadata]
requires-dist = [{ name = "pyqt5", specifier = ">=5.15.11" }]

[[package]]
name = "pyqt5"
version = "5.15.11"
source = { registry = "https://mirrors.ustc.edu.cn/pypi/web/simple" }
dependencies = [
    { name = "pyqt5-qt5" },
    { name = "pyqt5-sip" },
]
sdist = { url = "https://mirrors.ustc.edu.cn/pypi/packages/0e/07/c9ed0bd428df6f87183fca565a79fee19fa7c88c7f00a7f011ab4379e77a/PyQt5-5.15.11.tar.gz", hash = "sha256:fda45743ebb4a27b4b1a51c6d8ef455c4c1b5d610c90d2934c7802b5c1557c52", size = 3216775, upload-time = "2024-07-19T08:39:57.756Z" }
wheels = [
    { url = "https://mirrors.ustc.edu.cn/pypi/packages/11/64/42ec1b0bd72d87f87bde6ceb6869f444d91a2d601f2e67cd05febc0346a1/PyQt5-5.15.11-cp38-abi3-macosx_11_0_arm64.whl", hash = "sha256:c8b03dd9380bb13c804f0bdb0f4956067f281785b5e12303d529f0462f9afdc2", size = 6579776, upload-time = "2024-07-19T08:39:19.775Z" },
    { url = "https://mirrors.ustc.edu.cn/pypi/packages/49/f5/3fb696f4683ea45d68b7e77302eff173493ac81e43d63adb60fa760b9f91/PyQt5-5.15.11-cp38-abi3-macosx_11_0_x86_64.whl", hash = "sha256:6cd75628f6e732b1ffcfe709ab833a0716c0445d7aec8046a48d5843352becb6", size = 7016415, upload-time = "2024-07-19T08:39:32.977Z" },
    { url = "https://mirrors.ustc.edu.cn/pypi/packages/b4/8c/4065950f9d013c4b2e588fe33cf04e564c2322842d84dbcbce5ba1dc28b0/PyQt5-5.15.11-cp38-abi3-manylinux_2_17_x86_64.whl", hash = "sha256:cd672a6738d1ae33ef7d9efa8e6cb0a1525ecf53ec86da80a9e1b6ec38c8d0f1", size = 8188103, upload-time = "2024-07-19T08:39:40.561Z" },
    { url = "https://mirrors.ustc.edu.cn/pypi/packages/f3/f0/ae5a5b4f9b826b29ea4be841b2f2d951bcf5ae1d802f3732b145b57c5355/PyQt5-5.15.11-cp38-abi3-win32.whl", hash = "sha256:76be0322ceda5deecd1708a8d628e698089a1cea80d1a49d242a6d579a40babd", size = 5433308, upload-time = "2024-07-19T08:39:46.932Z" },
    { url = "https://mirrors.ustc.edu.cn/pypi/packages/56/d5/68eb9f3d19ce65df01b6c7b7a577ad3bbc9ab3a5dd3491a4756e71838ec9/PyQt5-5.15.11-cp38-abi3-win_amd64.whl", hash = "sha256:bdde598a3bb95022131a5c9ea62e0a96bd6fb28932cc1619fd7ba211531b7517", size = 6865864, upload-time = "2024-07-19T08:39:53.572Z" },
]

[[package]]
name = "pyqt5-qt5"
version = "5.15.18"
source = { registry = "https://mirrors.ustc.edu.cn/pypi/web/simple" }
wheels = [
    { url = "https://mirrors.ustc.edu.cn/pypi/packages/46/90/bf01ac2132400997a3474051dd680a583381ebf98b2f5d64d4e54138dc42/pyqt5_qt5-5.15.18-py3-none-macosx_10_13_x86_64.whl", hash = "sha256:8bb997eb903afa9da3221a0c9e6eaa00413bbeb4394d5706118ad05375684767", size = 39715743, upload-time = "2025-11-09T12:56:42.936Z" },
    { url = "https://mirrors.ustc.edu.cn/pypi/packages/24/8e/76366484d9f9dbe28e3bdfc688183433a7b82e314216e9b14c89e5fab690/pyqt5_qt5-5.15.18-py3-none-macosx_11_0_arm64.whl", hash = "sha256:c656af9c1e6aaa7f59bf3d8995f2fa09adbf6762b470ed284c31dca80d686a26", size = 36798484, upload-time = "2025-11-09T12:56:59.998Z" },
    { url = "https://mirrors.ustc.edu.cn/pypi/packages/9a/46/ffe177f99f897a59dc237a20059020427bd2d3853d713992b8081933ddfe/pyqt5_qt5-5.15.18-py3-none-manylinux2014_x86_64.whl", hash = "sha256:bf2457e6371969736b4f660a0c153258fa03dbc6a181348218e6f05421682af7", size = 60864590, upload-time = "2025-11-09T12:57:26.724Z" },
]

[[package]]
name = "pyqt5-sip"
version = "12.17.1"
source = { registry = "https://mirrors.ustc.edu.cn/pypi/web/simple" }
sdist = { url = "https://mirrors.ustc.edu.cn/pypi/packages/ea/08/88a20c862f40b5c178c517cdc7e93767967dec5ac1b994e226d517991c9b/pyqt5_sip-12.17.1.tar.gz", hash = "sha256:0eab72bcb628f1926bf5b9ac51259d4fa18e8b2a81d199071135458f7d087ea8", size = 104136, upload-time = "2025-10-08T09:04:19.893Z" }
wheels = [
    { url = "https://mirrors.ustc.edu.cn/pypi/packages/1d/58/9ecb688050e79ffe7bbd9fc917aa13f63856a5081ac46bbce87bb11ab971/pyqt5_sip-12.17.1-cp313-cp313-macosx_10_13_universal2.whl", hash = "sha256:9ebbd7769ccdaaa6295e9c872553b6cde17f38e171056f17300d8af9a14d1fc8", size = 124485, upload-time = "2025-10-08T09:04:17.473Z" },
    { url = "https://mirrors.ustc.edu.cn/pypi/packages/b1/9f/ae691360a9f18e3e06fd297e854d7ad175367e35ea184fd2fcf6c79b8c25/pyqt5_sip-12.17.1-cp313-cp313-manylinux_2_5_x86_64.manylinux1_x86_64.whl", hash = "sha256:b023da906a70af2cf5e6fc1932f441ede07530f3e164dd52c6c2bb5ab7c6f424", size = 281923, upload-time = "2025-10-08T09:15:37.004Z" },
    { url = "https://mirrors.ustc.edu.cn/pypi/packages/d7/31/491c45423174a359a4b8a8d84a7b541c453f48497ae928cbe4006bcd3e01/pyqt5_sip-12.17.1-cp313-cp313-win32.whl", hash = "sha256:36dbef482bd638786b909f3bda65b7b3d5cbd6cbf16797496de38bae542da307", size = 49400, upload-time = "2025-10-08T09:11:25.769Z" },
    { url = "https://mirrors.ustc.edu.cn/pypi/packages/64/61/e28681dd5200094f7b2e6671e85c02a4d6693da36d23ad7d39ffbc70b15c/pyqt5_sip-12.17.1-cp313-cp313-win_amd64.whl", hash = "sha256:d04e5551bbc3bcec98acc63b3b0618ddcbf31ff107349225b516fe7e7c0a7c8b", size = 57979, upload-time = "2025-10-08T09:08:37.036Z" },
    { url = "https://mirrors.ustc.edu.cn/pypi/packages/71/f9/06c09dc94474ffe3f518f80e47fc69d34abf8e4a971ae7e7c667d6ff30a7/pyqt5_sip-12.17.1-cp314-cp314-macosx_10_15_universal2.whl", hash = "sha256:c49918287e1ad77956d1589f1d3d432a0be7630c646ea02cf652413a48e14458", size = 124400, upload-time = "2025-10-08T08:38:23.927Z" },
    { url = "https://mirrors.ustc.edu.cn/pypi/packages/40/ae/be6e338ea427deac5cd81a93f51ae3fb6505d99d6d5e5d5341bcc099327e/pyqt5_sip-12.17.1-cp314-cp314-manylinux_2_5_x86_64.manylinux1_x86_64.whl", hash = "sha256:944a4bf1e1ee18ad03a54964c1c6433fb6de582313a1f0b17673e7203e22fc83", size = 282291, upload-time = "2025-10-08T08:38:25.735Z" },
    { url = "https://mirrors.ustc.edu.cn/pypi/packages/fc/a3/8b758518bd0dd5d1581f7a6d522c9b4d9b58d05087b1d0b4dfaad5376434/pyqt5_sip-12.17.1-cp314-cp314-win32.whl", hash = "sha256:99a2935fd662a67748625b1e6ffa0a2d1f2da068b9df6db04fa59a4a5d4ee613", size = 50578, upload-time = "2025-10-08T08:38:28.72Z" },
    { url = "https://mirrors.ustc.edu.cn/pypi/packages/40/8c/e96f9877548810b1e537f46fc21ba74552dd4e8c498658114a8353bdf659/pyqt5_sip-12.17.1-cp314-cp314-win_amd64.whl", hash = "sha256:aaa33232cc80793d14fdb3b149b27eec0855612ed66aad480add5ac49b9cee63", size = 59763, upload-time = "2025-10-08T08:38:27.443Z" },
]
